
Microsoft Visual Studio Solution File, Format Version 12.00
# Visual Studio 14
VisualStudioVersion = 14.0.25123.0
MinimumVisualStudioVersion = 10.0.40219.1
Project("{2150E333-8FDC-42A3-9474-1A3956D46DE8}") = "src", "src", "{1DF44DA2-042E-4EFE-BEFC-A15D6C3618EC}"
EndProject
Project("{2150E333-8FDC-42A3-9474-1A3956D46DE8}") = "Solution Items", "Solution Items", "{2DA87661-46F5-4653-888D-0F9EAF6CD3AA}"
	ProjectSection(SolutionItems) = preProject
		global.json = global.json
	EndProjectSection
EndProject
Project("{8BB2217D-0F2D-49D1-97BC-3654ED321F3B}") = "BookFast.Api", "src\BookFast.Api\BookFast.Api.xproj", "{B6F2FF16-A72F-4CDA-AA21-DD1AC2F246F6}"
EndProject
Project("{8BB2217D-0F2D-49D1-97BC-3654ED321F3B}") = "BookFast.Contracts", "src\BookFast.Contracts\BookFast.Contracts.xproj", "{FC0F2057-31A8-4B4B-A210-B5DA414A9026}"
EndProject
Project("{8BB2217D-0F2D-49D1-97BC-3654ED321F3B}") = "BookFast.Business", "src\BookFast.Business\BookFast.Business.xproj", "{325C0E09-2694-4733-8EF2-9CFA65B97D34}"
EndProject
Project("{8BB2217D-0F2D-49D1-97BC-3654ED321F3B}") = "BookFast.Data", "src\BookFast.Data\BookFast.Data.xproj", "{38599103-6441-4BF3-89D8-D79BDAB4EC4C}"
EndProject
Project("{8BB2217D-0F2D-49D1-97BC-3654ED321F3B}") = "BookFast.Search", "src\BookFast.Search\BookFast.Search.xproj", "{0470530D-5382-46BC-826A-4A86D1466D67}"
EndProject
Global
	GlobalSection(SolutionConfigurationPlatforms) = preSolution
		Debug|Any CPU = Debug|Any CPU
		Release|Any CPU = Release|Any CPU
	EndGlobalSection
	GlobalSection(ProjectConfigurationPlatforms) = postSolution
		{B6F2FF16-A72F-4CDA-AA21-DD1AC2F246F6}.Debug|Any CPU.ActiveCfg = Debug|Any CPU
		{B6F2FF16-A72F-4CDA-AA21-DD1AC2F246F6}.Debug|Any CPU.Build.0 = Debug|Any CPU
		{B6F2FF16-A72F-4CDA-AA21-DD1AC2F246F6}.Release|Any CPU.ActiveCfg = Release|Any CPU
		{B6F2FF16-A72F-4CDA-AA21-DD1AC2F246F6}.Release|Any CPU.Build.0 = Release|Any CPU
		{FC0F2057-31A8-4B4B-A210-B5DA414A9026}.Debug|Any CPU.ActiveCfg = Debug|Any CPU
		{FC0F2057-31A8-4B4B-A210-B5DA414A9026}.Debug|Any CPU.Build.0 = Debug|Any CPU
		{FC0F2057-31A8-4B4B-A210-B5DA414A9026}.Release|Any CPU.ActiveCfg = Release|Any CPU
		{FC0F2057-31A8-4B4B-A210-B5DA414A9026}.Release|Any CPU.Build.0 = Release|Any CPU
		{325C0E09-2694-4733-8EF2-9CFA65B97D34}.Debug|Any CPU.ActiveCfg = Debug|Any CPU
		{325C0E09-2694-4733-8EF2-9CFA65B97D34}.Debug|Any CPU.Build.0 = Debug|Any CPU
		{325C0E09-2694-4733-8EF2-9CFA65B97D34}.Release|Any CPU.ActiveCfg = Release|Any CPU
		{325C0E09-2694-4733-8EF2-9CFA65B97D34}.Release|Any CPU.Build.0 = Release|Any CPU
		{38599103-6441-4BF3-89D8-D79BDAB4EC4C}.Debug|Any CPU.ActiveCfg = Debug|Any CPU
		{38599103-6441-4BF3-89D8-D79BDAB4EC4C}.Debug|Any CPU.Build.0 = Debug|Any CPU
		{38599103-6441-4BF3-89D8-D79BDAB4EC4C}.Release|Any CPU.ActiveCfg = Release|Any CPU
		{38599103-6441-4BF3-89D8-D79BDAB4EC4C}.Release|Any CPU.Build.0 = Release|Any CPU
		{0470530D-5382-46BC-826A-4A86D1466D67}.Debug|Any CPU.ActiveCfg = Debug|Any CPU
		{0470530D-5382-46BC-826A-4A86D1466D67}.Debug|Any CPU.Build.0 = Debug|Any CPU
		{0470530D-5382-46BC-826A-4A86D1466D67}.Release|Any CPU.ActiveCfg = Release|Any CPU
		{0470530D-5382-46BC-826A-4A86D1466D67}.Release|Any CPU.Build.0 = Release|Any CPU
	EndGlobalSection
	GlobalSection(SolutionProperties) = preSolution
		HideSolutionNode = FALSE
	EndGlobalSection
	GlobalSection(NestedProjects) = preSolution
		{B6F2FF16-A72F-4CDA-AA21-DD1AC2F246F6} = {1DF44DA2-042E-4EFE-BEFC-A15D6C3618EC}
		{FC0F2057-31A8-4B4B-A210-B5DA414A9026} = {1DF44DA2-042E-4EFE-BEFC-A15D6C3618EC}
		{325C0E09-2694-4733-8EF2-9CFA65B97D34} = {1DF44DA2-042E-4EFE-BEFC-A15D6C3618EC}
		{38599103-6441-4BF3-89D8-D79BDAB4EC4C} = {1DF44DA2-042E-4EFE-BEFC-A15D6C3618EC}
		{0470530D-5382-46BC-826A-4A86D1466D67} = {1DF44DA2-042E-4EFE-BEFC-A15D6C3618EC}
	EndGlobalSection
EndGlobal
